github.com/bitly/go-simplejson v0.5.0 h1:6IH+V8/tVMab511d5bn4M7EwGXZf9Hj6i2xSwkNEM+Y=
github.com/bitly/go-simplejson v0.5.0/go.mod h1:cXHtHw4XUPsvGaxgjIAn8PhEWG9NfngEKAMDJEczWVA=
github.com/joeshaw/json-lossless v0.0.0-20181204200226-e0cd1ca6349b h1:tCtJ08SeJzFbI5UfgNBwvXPHiHK938r9lfdnrBsa1qI=
github.com/joeshaw/json-lossless v0.0.0-20181204200226-e0cd1ca6349b/go.mod h1:bPnXx4rALO5hbpPEp/hvkA5s5MFP5GuIXbLpt5e8QxM=
